
Microsoft Visual Studio Solution File, Format Version 12.00
# Visual Studio 15
VisualStudioVersion = 15.0.26403.7
MinimumVisualStudioVersion = 10.0.40219.1
Project("{D954291E-2A0B-460D-934E-DC6B0785DB48}") = "Utils", "Utils\Utils.shproj", "{862EF288-7CA2-4702-97A9-2AAD945F5626}"
EndProject
Project("{FAE04EC0-301F-11D3-BF4B-00C04F79EFBC}") = "Utils.Standard", "Utils.Standard\Utils.Standard.csproj", "{70CDCC57-8EFC-4260-A1E5-CA1637B72ED7}"
EndProject
Global
	GlobalSection(SharedMSBuildProjectFiles) = preSolution
		Utils\Utils.projitems*{70cdcc57-8efc-4260-a1e5-ca1637b72ed7}*SharedItemsImports = 4
		Utils\Utils.projitems*{862ef288-7ca2-4702-97a9-2aad945f5626}*SharedItemsImports = 13
	EndGlobalSection
	GlobalSection(SolutionConfigurationPlatforms) = preSolution
		Debug|Any CPU = Debug|Any CPU
		Release|Any CPU = Release|Any CPU
	EndGlobalSection
	GlobalSection(ProjectConfigurationPlatforms) = postSolution
		{70CDCC57-8EFC-4260-A1E5-CA1637B72ED7}.Debug|Any CPU.ActiveCfg = Debug|Any CPU
		{70CDCC57-8EFC-4260-A1E5-CA1637B72ED7}.Debug|Any CPU.Build.0 = Debug|Any CPU
		{70CDCC57-8EFC-4260-A1E5-CA1637B72ED7}.Release|Any CPU.ActiveCfg = Release|Any CPU
		{70CDCC57-8EFC-4260-A1E5-CA1637B72ED7}.Release|Any CPU.Build.0 = Release|Any CPU
	EndGlobalSection
	GlobalSection(SolutionProperties) = preSolution
		HideSolutionNode = FALSE
	EndGlobalSection
EndGlobal
